// !$*UTF8*$!
{
	archiveVersion = 1;
	classes = {
	};
	objectVersion = 46;
	objects = {

/* Begin PBXBuildFile section */
		2395903E1EC8910C00682ACC /* main.cpp in Sources */ = {isa = PBXBuildFile; fileRef = 2395903D1EC8910C00682ACC /* main.cpp */; };
		239590461EC8914000682ACC /* OpenGL.framework in Frameworks */ = {isa = PBXBuildFile; fileRef = 239590451EC8914000682ACC /* OpenGL.framework */; };
		2395904A1EC8917500682ACC /* libglfw.3.2.dylib in Frameworks */ = {isa = PBXBuildFile; fileRef = 239590491EC8917500682ACC /* libglfw.3.2.dylib */; };
		2395904C1EC8917F00682ACC /* Cocoa.framework in Frameworks */ = {isa = PBXBuildFile; fileRef = 2395904B1EC8917F00682ACC /* Cocoa.framework */; };
		2395904E1EC891A000682ACC /* IOKit.framework in Frameworks */ = {isa = PBXBuildFile; fileRef = 2395904D1EC891A000682ACC /* IOKit.framework */; };
		239590501EC891A400682ACC /* CoreAudioKit.framework in Frameworks */ = {isa = PBXBuildFile; fileRef = 2395904F1EC891A400682ACC /* CoreAudioKit.framework */; };
		239590521EC891B900682ACC /* libfreeimage.a in Frameworks */ = {isa = PBXBuildFile; fileRef = 239590511EC891B900682ACC /* libfreeimage.a */; };
		239590571EC9711D00682ACC /* Camera.cpp in Sources */ = {isa = PBXBuildFile; fileRef = 239590531EC9711D00682ACC /* Camera.cpp */; };
		239590591EC9711D00682ACC /* shader.cpp in Sources */ = {isa = PBXBuildFile; fileRef = 239590561EC9711D00682ACC /* shader.cpp */; };
/* End PBXBuildFile section */

/* Begin PBXCopyFilesBuildPhase section */
		239590381EC8910C00682ACC /* CopyFiles */ = {
			isa = PBXCopyFilesBuildPhase;
			buildActionMask = 2147483647;
			dstPath = /usr/share/man/man1/;
			dstSubfolderSpec = 0;
			files = (
			);
			runOnlyForDeploymentPostprocessing = 1;
		};
/* End PBXCopyFilesBuildPhase section */

/* Begin PBXFileReference section */
		2361FE201EC98152004396B5 /* shader.vs */ = {isa = PBXFileReference; fileEncoding = 4; lastKnownFileType = sourcecode.glsl; name = shader.vs; path = shader/shader.vs; sourceTree = "<group>"; };
		2361FE211EC981DF004396B5 /* shader.fs */ = {isa = PBXFileReference; fileEncoding = 4; lastKnownFileType = sourcecode.glsl; name = shader.fs; path = shader/shader.fs; sourceTree = "<group>"; };
		2395903A1EC8910C00682ACC /* OpenGL_01_Advance */ = {isa = PBXFileReference; explicitFileType = "compiled.mach-o.executable"; includeInIndex = 0; path = OpenGL_01_Advance; sourceTree = BUILT_PRODUCTS_DIR; };
		2395903D1EC8910C00682ACC /* main.cpp */ = {isa = PBXFileReference; lastKnownFileType = sourcecode.cpp.cpp; path = main.cpp; sourceTree = "<group>"; };
		239590451EC8914000682ACC /* OpenGL.framework */ = {isa = PBXFileReference; lastKnownFileType = wrapper.framework; name = OpenGL.framework; path = System/Library/Frameworks/OpenGL.framework; sourceTree = SDKROOT; };
		239590471EC8916100682ACC /* libjpeg.a */ = {isa = PBXFileReference; lastKnownFileType = archive.ar; name = libjpeg.a; path = ../../../../../../usr/local/Cellar/jpeg/8d/lib/libjpeg.a; sourceTree = "<group>"; };
		239590491EC8917500682ACC /* libglfw.3.2.dylib */ = {isa = PBXFileReference; lastKnownFileType = "compiled.mach-o.dylib"; name = libglfw.3.2.dylib; path = ../../../../../../usr/local/Cellar/glfw/3.2.1/lib/libglfw.3.2.dylib; sourceTree = "<group>"; };
		2395904B1EC8917F00682ACC /* Cocoa.framework */ = {isa = PBXFileReference; lastKnownFileType = wrapper.framework; name = Cocoa.framework; path = System/Library/Frameworks/Cocoa.framework; sourceTree = SDKROOT; };
		2395904D1EC891A000682ACC /* IOKit.framework */ = {isa = PBXFileReference; lastKnownFileType = wrapper.framework; name = IOKit.framework; path = System/Library/Frameworks/IOKit.framework; sourceTree = SDKROOT; };
		2395904F1EC891A400682ACC /* CoreAudioKit.framework */ = {isa = PBXFileReference; lastKnownFileType = wrapper.framework; name = CoreAudioKit.framework; path = System/Library/Frameworks/CoreAudioKit.framework; sourceTree = SDKROOT; };
		239590511EC891B900682ACC /* libfreeimage.a */ = {isa = PBXFileReference; lastKnownFileType = archive.ar; name = libfreeimage.a; path = ../../../../../../usr/local/Cellar/freeimage/3.17.0/lib/libfreeimage.a; sourceTree = "<group>"; };
		239590531EC9711D00682ACC /* Camera.cpp */ = {isa = PBXFileReference; fileEncoding = 4; lastKnownFileType = sourcecode.cpp.cpp; path = Camera.cpp; sourceTree = "<group>"; };
		239590541EC9711D00682ACC /* Camera.hpp */ = {isa = PBXFileReference; fileEncoding = 4; lastKnownFileType = sourcecode.cpp.h; path = Camera.hpp; sourceTree = "<group>"; };
		239590561EC9711D00682ACC /* shader.cpp */ = {isa = PBXFileReference; fileEncoding = 4; lastKnownFileType = sourcecode.cpp.cpp; path = shader.cpp; sourceTree = "<group>"; };
		2395905A1EC97B3800682ACC /* shader.h */ = {isa = PBXFileReference; lastKnownFileType = sourcecode.c.h; path = shader.h; sourceTree = "<group>"; };
		23F65D4C1ECA9A3300BE1165 /* shadowDepth.vs */ = {isa = PBXFileReference; fileEncoding = 4; lastKnownFileType = sourcecode.glsl; name = shadowDepth.vs; path = shader/shadowDepth.vs; sourceTree = "<group>"; };
		23F65D4D1ECA9A7D00BE1165 /* shadowDepth.fs */ = {isa = PBXFileReference; fileEncoding = 4; lastKnownFileType = sourcecode.glsl; name = shadowDepth.fs; path = shader/shadowDepth.fs; sourceTree = "<group>"; };
		23F65D4E1ECABD3B00BE1165 /* debugDepth.vs */ = {isa = PBXFileReference; fileEncoding = 4; lastKnownFileType = sourcecode.glsl; name = debugDepth.vs; path = shader/debugDepth.vs; sourceTree = "<group>"; };
		23F65D4F1ECABD8300BE1165 /* debugDepth.fs */ = {isa = PBXFileReference; fileEncoding = 4; lastKnownFileType = sourcecode.glsl; name = debugDepth.fs; path = shader/debugDepth.fs; sourceTree = "<group>"; };
/* End PBXFileReference section */

/* Begin PBXFrameworksBuildPhase section */
		239590371EC8910C00682ACC /* Frameworks */ = {
			isa = PBXFrameworksBuildPhase;
			buildActionMask = 2147483647;
			files = (
				239590521EC891B900682ACC /* libfreeimage.a in Frameworks */,
				239590501EC891A400682ACC /* CoreAudioKit.framework in Frameworks */,
				2395904E1EC891A000682ACC /* IOKit.framework in Frameworks */,
				2395904C1EC8917F00682ACC /* Cocoa.framework in Frameworks */,
				2395904A1EC8917500682ACC /* libglfw.3.2.dylib in Frameworks */,
				239590461EC8914000682ACC /* OpenGL.framework in Frameworks */,
			);
			runOnlyForDeploymentPostprocessing = 0;
		};
/* End PBXFrameworksBuildPhase section */

/* Begin PBXGroup section */
		2361FE1F1EC9813B004396B5 /* Shader */ = {
			isa = PBXGroup;
			children = (
				2361FE201EC98152004396B5 /* shader.vs */,
				2361FE211EC981DF004396B5 /* shader.fs */,
				23F65D4C1ECA9A3300BE1165 /* shadowDepth.vs */,
				23F65D4D1ECA9A7D00BE1165 /* shadowDepth.fs */,
				23F65D4E1ECABD3B00BE1165 /* debugDepth.vs */,
				23F65D4F1ECABD8300BE1165 /* debugDepth.fs */,
			);
			name = Shader;
			path = OpenGL_01_Advance;
			sourceTree = SOURCE_ROOT;
		};
		239590311EC8910C00682ACC = {
			isa = PBXGroup;
			children = (
				2395903C1EC8910C00682ACC /* OpenGL_01_Advance */,
				2395903B1EC8910C00682ACC /* Products */,
				239590441EC8914000682ACC /* Frameworks */,
			);
			sourceTree = "<group>";
		};
		2395903B1EC8910C00682ACC /* Products */ = {
			isa = PBXGroup;
			children = (
				2395903A1EC8910C00682ACC /* OpenGL_01_Advance */,
			);
			name = Products;
			sourceTree = "<group>";
		};
		2395903C1EC8910C00682ACC /* OpenGL_01_Advance */ = {
			isa = PBXGroup;
			children = (
				2361FE1F1EC9813B004396B5 /* Shader */,
				239590531EC9711D00682ACC /* Camera.cpp */,
				239590541EC9711D00682ACC /* Camera.hpp */,
				239590561EC9711D00682ACC /* shader.cpp */,
				2395905A1EC97B3800682ACC /* shader.h */,
				2395903D1EC8910C00682ACC /* main.cpp */,
			);
			path = OpenGL_01_Advance;
			sourceTree = "<group>";
		};
		239590441EC8914000682ACC /* Frameworks */ = {
			isa = PBXGroup;
			children = (
				239590511EC891B900682ACC /* libfreeimage.a */,
				2395904F1EC891A400682ACC /* CoreAudioKit.framework */,
				2395904D1EC891A000682ACC /* IOKit.framework */,
				2395904B1EC8917F00682ACC /* Cocoa.framework */,
				239590491EC8917500682ACC /* libglfw.3.2.dylib */,
				239590471EC8916100682ACC /* libjpeg.a */,
				239590451EC8914000682ACC /* OpenGL.framework */,
			);
			name = Frameworks;
			sourceTree = "<group>";
		};
/* End PBXGroup section */

/* Begin PBXNativeTarget section */
		239590391EC8910C00682ACC /* OpenGL_01_Advance */ = {
			isa = PBXNativeTarget;
			buildConfigurationList = 239590411EC8910C00682ACC /* Build configuration list for PBXNativeTarget "OpenGL_01_Advance" */;
			buildPhases = (
				239590361EC8910C00682ACC /* Sources */,
				239590371EC8910C00682ACC /* Frameworks */,
				239590381EC8910C00682ACC /* CopyFiles */,
			);
			buildRules = (
			);
			dependencies = (
			);
			name = OpenGL_01_Advance;
			productName = OpenGL_01_Advance;
			productReference = 2395903A1EC8910C00682ACC /* OpenGL_01_Advance */;
			productType = "com.apple.product-type.tool";
		};
/* End PBXNativeTarget section */

/* Begin PBXProject section */
		239590321EC8910C00682ACC /* Project object */ = {
			isa = PBXProject;
			attributes = {
				LastUpgradeCheck = 0810;
				ORGANIZATIONNAME = "Xana Hopper";
				TargetAttributes = {
					239590391EC8910C00682ACC = {
						CreatedOnToolsVersion = 8.1;
						ProvisioningStyle = Automatic;
					};
				};
			};
			buildConfigurationList = 239590351EC8910C00682ACC /* Build configuration list for PBXProject "OpenGL_01_Advance" */;
			compatibilityVersion = "Xcode 3.2";
			developmentRegion = English;
			hasScannedForEncodings = 0;
			knownRegions = (
				en,
			);
			mainGroup = 239590311EC8910C00682ACC;
			productRefGroup = 2395903B1EC8910C00682ACC /* Products */;
			projectDirPath = "";
			projectRoot = "";
			targets = (
				239590391EC8910C00682ACC /* OpenGL_01_Advance */,
			);
		};
/* End PBXProject section */

/* Begin PBXSourcesBuildPhase section */
		239590361EC8910C00682ACC /* Sources */ = {
			isa = PBXSourcesBuildPhase;
			buildActionMask = 2147483647;
			files = (
				239590571EC9711D00682ACC /* Camera.cpp in Sources */,
				239590591EC9711D00682ACC /* shader.cpp in Sources */,
				2395903E1EC8910C00682ACC /* main.cpp in Sources */,
			);
			runOnlyForDeploymentPostprocessing = 0;
		};
/* End PBXSourcesBuildPhase section */

/* Begin XCBuildConfiguration section */
		2395903F1EC8910C00682ACC /* Debug */ = {
			isa = XCBuildConfiguration;
			buildSettings = {
				ALWAYS_SEARCH_USER_PATHS = NO;
				CLANG_ANALYZER_NONNULL = YES;
				CLANG_CXX_LANGUAGE_STANDARD = "gnu++0x";
				CLANG_CXX_LIBRARY = "libc++";
				CLANG_ENABLE_MODULES = YES;
				CLANG_ENABLE_OBJC_ARC = YES;
				CLANG_WARN_BOOL_CONVERSION = YES;
				CLANG_WARN_CONSTANT_CONVERSION = YES;
				CLANG_WARN_DIRECT_OBJC_ISA_USAGE = YES_ERROR;
				CLANG_WARN_DOCUMENTATION_COMMENTS = YES;
				CLANG_WARN_EMPTY_BODY = YES;
				CLANG_WARN_ENUM_CONVERSION = YES;
				CLANG_WARN_INFINITE_RECURSION = YES;
				CLANG_WARN_INT_CONVERSION = YES;
				CLANG_WARN_OBJC_ROOT_CLASS = YES_ERROR;
				CLANG_WARN_SUSPICIOUS_MOVES = YES;
				CLANG_WARN_UNREACHABLE_CODE = YES;
				CLANG_WARN__DUPLICATE_METHOD_MATCH = YES;
				CODE_SIGN_IDENTITY = "-";
				COPY_PHASE_STRIP = NO;
				DEBUG_INFORMATION_FORMAT = dwarf;
				ENABLE_STRICT_OBJC_MSGSEND = YES;
				ENABLE_TESTABILITY = YES;
				GCC_C_LANGUAGE_STANDARD = gnu99;
				GCC_DYNAMIC_NO_PIC = NO;
				GCC_NO_COMMON_BLOCKS = YES;
				GCC_OPTIMIZATION_LEVEL = 0;
				GCC_PREPROCESSOR_DEFINITIONS = (
					"DEBUG=1",
					"$(inherited)",
				);
				GCC_WARN_64_TO_32_BIT_CONVERSION = YES;
				GCC_WARN_ABOUT_RETURN_TYPE = YES_ERROR;
				GCC_WARN_UNDECLARED_SELECTOR = YES;
				GCC_WARN_UNINITIALIZED_AUTOS = YES_AGGRESSIVE;
				GCC_WARN_UNUSED_FUNCTION = YES;
				GCC_WARN_UNUSED_VARIABLE = YES;
				MACOSX_DEPLOYMENT_TARGET = 10.12;
				MTL_ENABLE_DEBUG_INFO = YES;
				ONLY_ACTIVE_ARCH = YES;
				SDKROOT = macosx;
			};
			name = Debug;
		};
		239590401EC8910C00682ACC /* Release */ = {
			isa = XCBuildConfiguration;
			buildSettings = {
				ALWAYS_SEARCH_USER_PATHS = NO;
				CLANG_ANALYZER_NONNULL = YES;
				CLANG_CXX_LANGUAGE_STANDARD = "gnu++0x";
				CLANG_CXX_LIBRARY = "libc++";
				CLANG_ENABLE_MODULES = YES;
				CLANG_ENABLE_OBJC_ARC = YES;
				CLANG_WARN_BOOL_CONVERSION = YES;
				CLANG_WARN_CONSTANT_CONVERSION = YES;
				CLANG_WARN_DIRECT_OBJC_ISA_USAGE = YES_ERROR;
				CLANG_WARN_DOCUMENTATION_COMMENTS = YES;
				CLANG_WARN_EMPTY_BODY = YES;
				CLANG_WARN_ENUM_CONVERSION = YES;
				CLANG_WARN_INFINITE_RECURSION = YES;
				CLANG_WARN_INT_CONVERSION = YES;
				CLANG_WARN_OBJC_ROOT_CLASS = YES_ERROR;
				CLANG_WARN_SUSPICIOUS_MOVES = YES;
				CLANG_WARN_UNREACHABLE_CODE = YES;
				CLANG_WARN__DUPLICATE_METHOD_MATCH = YES;
				CODE_SIGN_IDENTITY = "-";
				COPY_PHASE_STRIP = NO;
				DEBUG_INFORMATION_FORMAT = "dwarf-with-dsym";
				ENABLE_NS_ASSERTIONS = NO;
				ENABLE_STRICT_OBJC_MSGSEND = YES;
				GCC_C_LANGUAGE_STANDARD = gnu99;
				GCC_NO_COMMON_BLOCKS = YES;
				GCC_WARN_64_TO_32_BIT_CONVERSION = YES;
				GCC_WARN_ABOUT_RETURN_TYPE = YES_ERROR;
				GCC_WARN_UNDECLARED_SELECTOR = YES;
				GCC_WARN_UNINITIALIZED_AUTOS = YES_AGGRESSIVE;
				GCC_WARN_UNUSED_FUNCTION = YES;
				GCC_WARN_UNUSED_VARIABLE = YES;
				MACOSX_DEPLOYMENT_TARGET = 10.12;
				MTL_ENABLE_DEBUG_INFO = NO;
				SDKROOT = macosx;
			};
			name = Release;
		};
		239590421EC8910C00682ACC /* Debug */ = {
			isa = XCBuildConfiguration;
			buildSettings = {
				HEADER_SEARCH_PATHS = /usr/local/include;
				LIBRARY_SEARCH_PATHS = (
					/usr/local/lib,
					/usr/local/Cellar/jpeg/8d/lib,
					/usr/local/Cellar/glfw/3.2.1/lib,
					/usr/local/Cellar/freeimage/3.17.0/lib,
				);
				PRODUCT_NAME = "$(TARGET_NAME)";
			};
			name = Debug;
		};
		239590431EC8910C00682ACC /* Release */ = {
			isa = XCBuildConfiguration;
			buildSettings = {
				HEADER_SEARCH_PATHS = /usr/local/include;
				LIBRARY_SEARCH_PATHS = (
					/usr/local/lib,
					/usr/local/Cellar/jpeg/8d/lib,
					/usr/local/Cellar/glfw/3.2.1/lib,
					/usr/local/Cellar/freeimage/3.17.0/lib,
				);
				PRODUCT_NAME = "$(TARGET_NAME)";
			};
			name = Release;
		};
/* End XCBuildConfiguration section */

/* Begin XCConfigurationList section */
		239590351EC8910C00682ACC /* Build configuration list for PBXProject "OpenGL_01_Advance" */ = {
			isa = XCConfigurationList;
			buildConfigurations = (
				2395903F1EC8910C00682ACC /* Debug */,
				239590401EC8910C00682ACC /* Release */,
			);
			defaultConfigurationIsVisible = 0;
			defaultConfigurationName = Release;
		};
		239590411EC8910C00682ACC /* Build configuration list for PBXNativeTarget "OpenGL_01_Advance" */ = {
			isa = XCConfigurationList;
			buildConfigurations = (
				239590421EC8910C00682ACC /* Debug */,
				239590431EC8910C00682ACC /* Release */,
			);
			defaultConfigurationIsVisible = 0;
			defaultConfigurationName = Release;
		};
/* End XCConfigurationList section */
	};
	rootObject = 239590321EC8910C00682ACC /* Project object */;
}
